// !$*UTF8*$!
{
	archiveVersion = 1;
	classes = {
	};
	objectVersion = 56;
	objects = {

/* Begin PBXBuildFile section */
		AA7BCC902AB0F49B00D2911F /* CustomSlideOutMenuApp.swift in Sources */ = {isa = PBXBuildFile; fileRef = AA7BCC8F2AB0F49B00D2911F /* CustomSlideOutMenuApp.swift */; };
		AA7BCC922AB0F49B00D2911F /* ContentView.swift in Sources */ = {isa = PBXBuildFile; fileRef = AA7BCC912AB0F49B00D2911F /* ContentView.swift */; };
		AA7BCC942AB0F49C00D2911F /* Assets.xcassets in Resources */ = {isa = PBXBuildFile; fileRef = AA7BCC932AB0F49C00D2911F /* Assets.xcassets */; };
		AA7BCC972AB0F49C00D2911F /* Preview Assets.xcassets in Resources */ = {isa = PBXBuildFile; fileRef = AA7BCC962AB0F49C00D2911F /* Preview Assets.xcassets */; };
		AA7BCC992AB0F49C00D2911F /* Persistence.swift in Sources */ = {isa = PBXBuildFile; fileRef = AA7BCC982AB0F49C00D2911F /* Persistence.swift */; };
		AA7BCC9C2AB0F49C00D2911F /* CustomSlideOutMenu.xcdatamodeld in Sources */ = {isa = PBXBuildFile; fileRef = AA7BCC9A2AB0F49C00D2911F /* CustomSlideOutMenu.xcdatamodeld */; };
/* End PBXBuildFile section */

/* Begin PBXFileReference section */
		AA7BCC8C2AB0F49B00D2911F /* CustomSlideOutMenu.app */ = {isa = PBXFileReference; explicitFileType = wrapper.application; includeInIndex = 0; path = CustomSlideOutMenu.app; sourceTree = BUILT_PRODUCTS_DIR; };
		AA7BCC8F2AB0F49B00D2911F /* CustomSlideOutMenuApp.swift */ = {isa = PBXFileReference; lastKnownFileType = sourcecode.swift; path = CustomSlideOutMenuApp.swift; sourceTree = "<group>"; };
		AA7BCC912AB0F49B00D2911F /* ContentView.swift */ = {isa = PBXFileReference; lastKnownFileType = sourcecode.swift; path = ContentView.swift; sourceTree = "<group>"; };
		AA7BCC932AB0F49C00D2911F /* Assets.xcassets */ = {isa = PBXFileReference; lastKnownFileType = folder.assetcatalog; path = Assets.xcassets; sourceTree = "<group>"; };
		AA7BCC962AB0F49C00D2911F /* Preview Assets.xcassets */ = {isa = PBXFileReference; lastKnownFileType = folder.assetcatalog; path = "Preview Assets.xcassets"; sourceTree = "<group>"; };
		AA7BCC982AB0F49C00D2911F /* Persistence.swift */ = {isa = PBXFileReference; lastKnownFileType = sourcecode.swift; path = Persistence.swift; sourceTree = "<group>"; };
		AA7BCC9B2AB0F49C00D2911F /* CustomSlideOutMenu.xcdatamodel */ = {isa = PBXFileReference; lastKnownFileType = wrapper.xcdatamodel; path = CustomSlideOutMenu.xcdatamodel; sourceTree = "<group>"; };
/* End PBXFileReference section */

/* Begin PBXFrameworksBuildPhase section */
		AA7BCC892AB0F49B00D2911F /* Frameworks */ = {
			isa = PBXFrameworksBuildPhase;
			buildActionMask = 2147483647;
			files = (
			);
			runOnlyForDeploymentPostprocessing = 0;
		};
/* End PBXFrameworksBuildPhase section */

/* Begin PBXGroup section */
		AA7BCC832AB0F49B00D2911F = {
			isa = PBXGroup;
			children = (
				AA7BCC8E2AB0F49B00D2911F /* CustomSlideOutMenu */,
				AA7BCC8D2AB0F49B00D2911F /* Products */,
			);
			sourceTree = "<group>";
		};
		AA7BCC8D2AB0F49B00D2911F /* Products */ = {
			isa = PBXGroup;
			children = (
				AA7BCC8C2AB0F49B00D2911F /* CustomSlideOutMenu.app */,
			);
			name = Products;
			sourceTree = "<group>";
		};
		AA7BCC8E2AB0F49B00D2911F /* CustomSlideOutMenu */ = {
			isa = PBXGroup;
			children = (
				AA7BCC8F2AB0F49B00D2911F /* CustomSlideOutMenuApp.swift */,
				AA7BCC912AB0F49B00D2911F /* ContentView.swift */,
				AA7BCC932AB0F49C00D2911F /* Assets.xcassets */,
				AA7BCC982AB0F49C00D2911F /* Persistence.swift */,
				AA7BCC9A2AB0F49C00D2911F /* CustomSlideOutMenu.xcdatamodeld */,
				AA7BCC952AB0F49C00D2911F /* Preview Content */,
			);
			path = CustomSlideOutMenu;
			sourceTree = "<group>";
		};
		AA7BCC952AB0F49C00D2911F /* Preview Content */ = {
			isa = PBXGroup;
			children = (
				AA7BCC962AB0F49C00D2911F /* Preview Assets.xcassets */,
			);
			path = "Preview Content";
			sourceTree = "<group>";
		};
/* End PBXGroup section */

/* Begin PBXNativeTarget section */
		AA7BCC8B2AB0F49B00D2911F /* CustomSlideOutMenu */ = {
			isa = PBXNativeTarget;
			buildConfigurationList = AA7BCC9F2AB0F49C00D2911F /* Build configuration list for PBXNativeTarget "CustomSlideOutMenu" */;
			buildPhases = (
				AA7BCC882AB0F49B00D2911F /* Sources */,
				AA7BCC892AB0F49B00D2911F /* Frameworks */,
				AA7BCC8A2AB0F49B00D2911F /* Resources */,
			);
			buildRules = (
			);
			dependencies = (
			);
			name = CustomSlideOutMenu;
			productName = CustomSlideOutMenu;
			productReference = AA7BCC8C2AB0F49B00D2911F /* CustomSlideOutMenu.app */;
			productType = "com.apple.product-type.application";
		};
/* End PBXNativeTarget section */

/* Begin PBXProject section */
		AA7BCC842AB0F49B00D2911F /* Project object */ = {
			isa = PBXProject;
			attributes = {
				BuildIndependentTargetsInParallel = 1;
				LastSwiftUpdateCheck = 1430;
				LastUpgradeCheck = 1430;
				TargetAttributes = {
					AA7BCC8B2AB0F49B00D2911F = {
						CreatedOnToolsVersion = 14.3.1;
					};
				};
			};
			buildConfigurationList = AA7BCC872AB0F49B00D2911F /* Build configuration list for PBXProject "CustomSlideOutMenu" */;
			compatibilityVersion = "Xcode 14.0";
			developmentRegion = en;
			hasScannedForEncodings = 0;
			knownRegions = (
				en,
				Base,
			);
			mainGroup = AA7BCC832AB0F49B00D2911F;
			productRefGroup = AA7BCC8D2AB0F49B00D2911F /* Products */;
			projectDirPath = "";
			projectRoot = "";
			targets = (
				AA7BCC8B2AB0F49B00D2911F /* CustomSlideOutMenu */,
			);
		};
/* End PBXProject section */

/* Begin PBXResourcesBuildPhase section */
		AA7BCC8A2AB0F49B00D2911F /* Resources */ = {
			isa = PBXResourcesBuildPhase;
			buildActionMask = 2147483647;
			files = (
				AA7BCC972AB0F49C00D2911F /* Preview Assets.xcassets in Resources */,
				AA7BCC942AB0F49C00D2911F /* Assets.xcassets in Resources */,
			);
			runOnlyForDeploymentPostprocessing = 0;
		};
/* End PBXResourcesBuildPhase section */

/* Begin PBXSourcesBuildPhase section */
		AA7BCC882AB0F49B00D2911F /* Sources */ = {
			isa = PBXSourcesBuildPhase;
			buildActionMask = 2147483647;
			files = (
				AA7BCC9C2AB0F49C00D2911F /* CustomSlideOutMenu.xcdatamodeld in Sources */,
				AA7BCC992AB0F49C00D2911F /* Persistence.swift in Sources */,
				AA7BCC922AB0F49B00D2911F /* ContentView.swift in Sources */,
				AA7BCC902AB0F49B00D2911F /* CustomSlideOutMenuApp.swift in Sources */,
			);
			runOnlyForDeploymentPostprocessing = 0;
		};
/* End PBXSourcesBuildPhase section */

/* Begin XCBuildConfiguration section */
		AA7BCC9D2AB0F49C00D2911F /* Debug */ = {
			isa = XCBuildConfiguration;
			buildSettings = {
				ALWAYS_SEARCH_USER_PATHS = NO;
				CLANG_ANALYZER_NONNULL = YES;
				CLANG_ANALYZER_NUMBER_OBJECT_CONVERSION = YES_AGGRESSIVE;
				CLANG_CXX_LANGUAGE_STANDARD = "gnu++20";
				CLANG_ENABLE_MODULES = YES;
				CLANG_ENABLE_OBJC_ARC = YES;
				CLANG_ENABLE_OBJC_WEAK = YES;
				CLANG_WARN_BLOCK_CAPTURE_AUTORELEASING = YES;
				CLANG_WARN_BOOL_CONVERSION = YES;
				CLANG_WARN_COMMA = YES;
				CLANG_WARN_CONSTANT_CONVERSION = YES;
				CLANG_WARN_DEPRECATED_OBJC_IMPLEMENTATIONS = YES;
				CLANG_WARN_DIRECT_OBJC_ISA_USAGE = YES_ERROR;
				CLANG_WARN_DOCUMENTATION_COMMENTS = YES;
				CLANG_WARN_EMPTY_BODY = YES;
				CLANG_WARN_ENUM_CONVERSION = YES;
				CLANG_WARN_INFINITE_RECURSION = YES;
				CLANG_WARN_INT_CONVERSION = YES;
				CLANG_WARN_NON_LITERAL_NULL_CONVERSION = YES;
				CLANG_WARN_OBJC_IMPLICIT_RETAIN_SELF = YES;
				CLANG_WARN_OBJC_LITERAL_CONVERSION = YES;
				CLANG_WARN_OBJC_ROOT_CLASS = YES_ERROR;
				CLANG_WARN_QUOTED_INCLUDE_IN_FRAMEWORK_HEADER = YES;
				CLANG_WARN_RANGE_LOOP_ANALYSIS = YES;
				CLANG_WARN_STRICT_PROTOTYPES = YES;
				CLANG_WARN_SUSPICIOUS_MOVE = YES;
				CLANG_WARN_UNGUARDED_AVAILABILITY = YES_AGGRESSIVE;
				CLANG_WARN_UNREACHABLE_CODE = YES;
				CLANG_WARN__DUPLICATE_METHOD_MATCH = YES;
				COPY_PHASE_STRIP = NO;
				DEBUG_INFORMATION_FORMAT = dwarf;
				ENABLE_STRICT_OBJC_MSGSEND = YES;
				ENABLE_TESTABILITY = YES;
				GCC_C_LANGUAGE_STANDARD = gnu11;
				GCC_DYNAMIC_NO_PIC = NO;
				GCC_NO_COMMON_BLOCKS = YES;
				GCC_OPTIMIZATION_LEVEL = 0;
				GCC_PREPROCESSOR_DEFINITIONS = (
					"DEBUG=1",
					"$(inherited)",
				);
				GCC_WARN_64_TO_32_BIT_CONVERSION = YES;
				GCC_WARN_ABOUT_RETURN_TYPE = YES_ERROR;
				GCC_WARN_UNDECLARED_SELECTOR = YES;
				GCC_WARN_UNINITIALIZED_AUTOS = YES_AGGRESSIVE;
				GCC_WARN_UNUSED_FUNCTION = YES;
				GCC_WARN_UNUSED_VARIABLE = YES;
				IPHONEOS_DEPLOYMENT_TARGET = 16.4;
				MTL_ENABLE_DEBUG_INFO = INCLUDE_SOURCE;
				MTL_FAST_MATH = YES;
				ONLY_ACTIVE_ARCH = YES;
				SDKROOT = iphoneos;
				SWIFT_ACTIVE_COMPILATION_CONDITIONS = DEBUG;
				SWIFT_OPTIMIZATION_LEVEL = "-Onone";
			};
			name = Debug;
		};
		AA7BCC9E2AB0F49C00D2911F /* Release */ = {
			isa = XCBuildConfiguration;
			buildSettings = {
				ALWAYS_SEARCH_USER_PATHS = NO;
				CLANG_ANALYZER_NONNULL = YES;
				CLANG_ANALYZER_NUMBER_OBJECT_CONVERSION = YES_AGGRESSIVE;
				CLANG_CXX_LANGUAGE_STANDARD = "gnu++20";
				CLANG_ENABLE_MODULES = YES;
				CLANG_ENABLE_OBJC_ARC = YES;
				CLANG_ENABLE_OBJC_WEAK = YES;
				CLANG_WARN_BLOCK_CAPTURE_AUTORELEASING = YES;
				CLANG_WARN_BOOL_CONVERSION = YES;
				CLANG_WARN_COMMA = YES;
				CLANG_WARN_CONSTANT_CONVERSION = YES;
				CLANG_WARN_DEPRECATED_OBJC_IMPLEMENTATIONS = YES;
				CLANG_WARN_DIRECT_OBJC_ISA_USAGE = YES_ERROR;
				CLANG_WARN_DOCUMENTATION_COMMENTS = YES;
				CLANG_WARN_EMPTY_BODY = YES;
				CLANG_WARN_ENUM_CONVERSION = YES;
				CLANG_WARN_INFINITE_RECURSION = YES;
				CLANG_WARN_INT_CONVERSION = YES;
				CLANG_WARN_NON_LITERAL_NULL_CONVERSION = YES;
				CLANG_WARN_OBJC_IMPLICIT_RETAIN_SELF = YES;
				CLANG_WARN_OBJC_LITERAL_CONVERSION = YES;
				CLANG_WARN_OBJC_ROOT_CLASS = YES_ERROR;
				CLANG_WARN_QUOTED_INCLUDE_IN_FRAMEWORK_HEADER = YES;
				CLANG_WARN_RANGE_LOOP_ANALYSIS = YES;
				CLANG_WARN_STRICT_PROTOTYPES = YES;
				CLANG_WARN_SUSPICIOUS_MOVE = YES;
				CLANG_WARN_UNGUARDED_AVAILABILITY = YES_AGGRESSIVE;
				CLANG_WARN_UNREACHABLE_CODE = YES;
				CLANG_WARN__DUPLICATE_METHOD_MATCH = YES;
				COPY_PHASE_STRIP = NO;
				DEBUG_INFORMATION_FORMAT = "dwarf-with-dsym";
				ENABLE_NS_ASSERTIONS = NO;
				ENABLE_STRICT_OBJC_MSGSEND = YES;
				GCC_C_LANGUAGE_STANDARD = gnu11;
				GCC_NO_COMMON_BLOCKS = YES;
				GCC_WARN_64_TO_32_BIT_CONVERSION = YES;
				GCC_WARN_ABOUT_RETURN_TYPE = YES_ERROR;
				GCC_WARN_UNDECLARED_SELECTOR = YES;
				GCC_WARN_UNINITIALIZED_AUTOS = YES_AGGRESSIVE;
				GCC_WARN_UNUSED_FUNCTION = YES;
				GCC_WARN_UNUSED_VARIABLE = YES;
				IPHONEOS_DEPLOYMENT_TARGET = 16.4;
				MTL_ENABLE_DEBUG_INFO = NO;
				MTL_FAST_MATH = YES;
				SDKROOT = iphoneos;
				SWIFT_COMPILATION_MODE = wholemodule;
				SWIFT_OPTIMIZATION_LEVEL = "-O";
				VALIDATE_PRODUCT = YES;
			};
			name = Release;
		};
		AA7BCCA02AB0F49C00D2911F /* Debug */ = {
			isa = XCBuildConfiguration;
			buildSettings = {
				ASSETCATALOG_COMPILER_APPICON_NAME = AppIcon;
				ASSETCATALOG_COMPILER_GLOBAL_ACCENT_COLOR_NAME = AccentColor;
				CODE_SIGN_STYLE = Automatic;
				CURRENT_PROJECT_VERSION = 1;
				DEVELOPMENT_ASSET_PATHS = "\"CustomSlideOutMenu/Preview Content\"";
				DEVELOPMENT_TEAM = 44UXU53UD6;
				ENABLE_PREVIEWS = YES;
				GENERATE_INFOPLIST_FILE = YES;
				INFOPLIST_KEY_UIApplicationSceneManifest_Generation = YES;
				INFOPLIST_KEY_UIApplicationSupportsIndirectInputEvents = YES;
				INFOPLIST_KEY_UILaunchScreen_Generation = YES;
				INFOPLIST_KEY_UISupportedInterfaceOrientations_iPad = "UIInterfaceOrientationPortrait UIInterfaceOrientationPortraitUpsideDown UIInterfaceOrientationLandscapeLeft UIInterfaceOrientationLandscapeRight";
				INFOPLIST_KEY_UISupportedInterfaceOrientations_iPhone = "UIInterfaceOrientationPortrait UIInterfaceOrientationLandscapeLeft UIInterfaceOrientationLandscapeRight";
				LD_RUNPATH_SEARCH_PATHS = (
					"$(inherited)",
					"@executable_path/Frameworks",
				);
				MARKETING_VERSION = 1.0;
				PRODUCT_BUNDLE_IDENTIFIER = doubleclick.CustomSlideOutMenu;
				PRODUCT_NAME = "$(TARGET_NAME)";
				SWIFT_EMIT_LOC_STRINGS = YES;
				SWIFT_VERSION = 5.0;
				TARGETED_DEVICE_FAMILY = "1,2";
			};
			name = Debug;
		};
		AA7BCCA12AB0F49C00D2911F /* Release */ = {
			isa = XCBuildConfiguration;
			buildSettings = {
				ASSETCATALOG_COMPILER_APPICON_NAME = AppIcon;
				ASSETCATALOG_COMPILER_GLOBAL_ACCENT_COLOR_NAME = AccentColor;
				CODE_SIGN_STYLE = Automatic;
				CURRENT_PROJECT_VERSION = 1;
				DEVELOPMENT_ASSET_PATHS = "\"CustomSlideOutMenu/Preview Content\"";
				DEVELOPMENT_TEAM = 44UXU53UD6;
				ENABLE_PREVIEWS = YES;
				GENERATE_INFOPLIST_FILE = YES;
				INFOPLIST_KEY_UIApplicationSceneManifest_Generation = YES;
				INFOPLIST_KEY_UIApplicationSupportsIndirectInputEvents = YES;
				INFOPLIST_KEY_UILaunchScreen_Generation = YES;
				INFOPLIST_KEY_UISupportedInterfaceOrientations_iPad = "UIInterfaceOrientationPortrait UIInterfaceOrientationPortraitUpsideDown UIInterfaceOrientationLandscapeLeft UIInterfaceOrientationLandscapeRight";
				INFOPLIST_KEY_UISupportedInterfaceOrientations_iPhone = "UIInterfaceOrientationPortrait UIInterfaceOrientationLandscapeLeft UIInterfaceOrientationLandscapeRight";
				LD_RUNPATH_SEARCH_PATHS = (
					"$(inherited)",
					"@executable_path/Frameworks",
				);
				MARKETING_VERSION = 1.0;
				PRODUCT_BUNDLE_IDENTIFIER = doubleclick.CustomSlideOutMenu;
				PRODUCT_NAME = "$(TARGET_NAME)";
				SWIFT_EMIT_LOC_STRINGS = YES;
				SWIFT_VERSION = 5.0;
				TARGETED_DEVICE_FAMILY = "1,2";
			};
			name = Release;
		};
/* End XCBuildConfiguration section */

/* Begin XCConfigurationList section */
		AA7BCC872AB0F49B00D2911F /* Build configuration list for PBXProject "CustomSlideOutMenu" */ = {
			isa = XCConfigurationList;
			buildConfigurations = (
				AA7BCC9D2AB0F49C00D2911F /* Debug */,
				AA7BCC9E2AB0F49C00D2911F /* Release */,
			);
			defaultConfigurationIsVisible = 0;
			defaultConfigurationName = Release;
		};
		AA7BCC9F2AB0F49C00D2911F /* Build configuration list for PBXNativeTarget "CustomSlideOutMenu" */ = {
			isa = XCConfigurationList;
			buildConfigurations = (
				AA7BCCA02AB0F49C00D2911F /* Debug */,
				AA7BCCA12AB0F49C00D2911F /* Release */,
			);
			defaultConfigurationIsVisible = 0;
			defaultConfigurationName = Release;
		};
/* End XCConfigurationList section */

/* Begin XCVersionGroup section */
		AA7BCC9A2AB0F49C00D2911F /* CustomSlideOutMenu.xcdatamodeld */ = {
			isa = XCVersionGroup;
			children = (
				AA7BCC9B2AB0F49C00D2911F /* CustomSlideOutMenu.xcdatamodel */,
			);
			currentVersion = AA7BCC9B2AB0F49C00D2911F /* CustomSlideOutMenu.xcdatamodel */;
			path = CustomSlideOutMenu.xcdatamodeld;
			sourceTree = "<group>";
			versionGroupType = wrapper.xcdatamodel;
		};
/* End XCVersionGroup section */
	};
	rootObject = AA7BCC842AB0F49B00D2911F /* Project object */;
}
